
Microsoft Visual Studio Solution File, Format Version 12.00
# Visual Studio 2013
VisualStudioVersion = 12.0.30723.0
MinimumVisualStudioVersion = 10.0.40219.1
Project("{FAE04EC0-301F-11D3-BF4B-00C04F79EFBC}") = "GoodboxDesign.Utils", "GoodboxDesign.Utils\GoodboxDesign.Utils.csproj", "{ABB4760C-145F-41ED-9891-1C13DBD69BFD}"
EndProject
Global
	GlobalSection(SolutionConfigurationPlatforms) = preSolution
		Debug|Any CPU = Debug|Any CPU
		Release|Any CPU = Release|Any CPU
	EndGlobalSection
	GlobalSection(ProjectConfigurationPlatforms) = postSolution
		{ABB4760C-145F-41ED-9891-1C13DBD69BFD}.Debug|Any CPU.ActiveCfg = Debug|Any CPU
		{ABB4760C-145F-41ED-9891-1C13DBD69BFD}.Debug|Any CPU.Build.0 = Debug|Any CPU
		{ABB4760C-145F-41ED-9891-1C13DBD69BFD}.Release|Any CPU.ActiveCfg = Release|Any CPU
		{ABB4760C-145F-41ED-9891-1C13DBD69BFD}.Release|Any CPU.Build.0 = Release|Any CPU
	EndGlobalSection
	GlobalSection(SolutionProperties) = preSolution
		HideSolutionNode = FALSE
	EndGlobalSection
EndGlobal
